# This file was autogenerated by uv via the following command:
#    uv pip compile requirements.txt -o uv.lock
aiohappyeyeballs==2.6.1
    # via aiohttp
aiohttp==3.13.2
    # via
    #   -r requirements.txt
    #   litellm
aiosignal==1.4.0
    # via
    #   -r requirements.txt
    #   aiohttp
alembic==1.17.2
    # via -r requirements.txt
annotated-types==0.7.0
    # via
    #   -r requirements.txt
    #   pydantic
anyio==4.12.0
    # via
    #   -r requirements.txt
    #   httpx
    #   openai
attrs==25.4.0
    # via
    #   -r requirements.txt
    #   aiohttp
    #   jsonschema
    #   referencing
certifi==2025.11.12
    # via
    #   -r requirements.txt
    #   httpcore
    #   httpx
    #   requests
cfgv==3.5.0
    # via -r requirements.txt
charset-normalizer==3.4.4
    # via
    #   -r requirements.txt
    #   requests
click==8.3.1
    # via
    #   -r requirements.txt
    #   litellm
    #   typer-slim
coverage==7.13.0
    # via
    #   -r requirements.txt
    #   pytest-cov
distlib==0.4.0
    # via -r requirements.txt
distro==1.9.0
    # via
    #   -r requirements.txt
    #   openai
fastuuid==0.14.0
    # via litellm
filelock==3.20.0
    # via
    #   -r requirements.txt
    #   huggingface-hub
frozenlist==1.8.0
    # via
    #   aiohttp
    #   aiosignal
fsspec==2025.12.0
    # via
    #   -r requirements.txt
    #   huggingface-hub
greenlet==3.3.0
    # via sqlalchemy
grpcio==1.67.1
    # via
    #   -r requirements.txt
    #   litellm
h11==0.16.0
    # via httpcore
hf-xet==1.2.0
    # via
    #   -r requirements.txt
    #   huggingface-hub
httpcore==1.0.9
    # via httpx
httpx==0.28.1
    # via
    #   -r requirements.txt
    #   huggingface-hub
    #   litellm
    #   openai
huggingface-hub==1.2.2
    # via
    #   -r requirements.txt
    #   tokenizers
identify==2.6.15
    # via -r requirements.txt
idna==3.11
    # via
    #   -r requirements.txt
    #   anyio
    #   httpx
    #   requests
    #   yarl
importlib-metadata==8.7.0
    # via
    #   -r requirements.txt
    #   litellm
iniconfig==2.3.0
    # via
    #   -r requirements.txt
    #   pytest
jinja2==3.1.6
    # via
    #   -r requirements.txt
    #   litellm
jiter==0.12.0
    # via
    #   -r requirements.txt
    #   openai
jsonschema==4.25.1
    # via
    #   -r requirements.txt
    #   litellm
jsonschema-specifications==2025.9.1
    # via jsonschema
litellm==1.80.9
    # via -r requirements.txt
mako==1.3.10
    # via
    #   -r requirements.txt
    #   alembic
markupsafe==3.0.3
    # via
    #   -r requirements.txt
    #   jinja2
    #   mako
multidict==6.7.0
    # via
    #   aiohttp
    #   yarl
openai==2.9.0
    # via
    #   -r requirements.txt
    #   litellm
packaging==25.0
    # via
    #   -r requirements.txt
    #   huggingface-hub
    #   pytest
platformdirs==4.5.1
    # via -r requirements.txt
pluggy==1.6.0
    # via
    #   -r requirements.txt
    #   pytest
    #   pytest-cov
praw==7.8.1
    # via -r requirements.txt
prawcore==2.4.0
    # via
    #   -r requirements.txt
    #   praw
propcache==0.4.1
    # via
    #   -r requirements.txt
    #   aiohttp
    #   yarl
psutil==7.1.3
    # via -r requirements.txt
psycopg2-binary==2.9.11
    # via -r requirements.txt
pydantic==2.12.5
    # via
    #   -r requirements.txt
    #   litellm
    #   openai
    #   pydantic-settings
    #   sqlmodel
pydantic-core==2.41.5
    # via
    #   -r requirements.txt
    #   pydantic
pydantic-settings==2.12.0
    # via -r requirements.txt
pygments==2.19.2
    # via pytest
pytest==9.0.2
    # via
    #   -r requirements.txt
    #   pytest-cov
pytest-cov==7.0.0
    # via -r requirements.txt
python-dateutil==2.9.0.post0
    # via -r requirements.txt
python-dotenv==1.2.1
    # via
    #   -r requirements.txt
    #   litellm
    #   pydantic-settings
pyyaml==6.0.3
    # via
    #   -r requirements.txt
    #   huggingface-hub
referencing==0.37.0
    # via
    #   -r requirements.txt
    #   jsonschema
    #   jsonschema-specifications
regex==2025.11.3
    # via
    #   -r requirements.txt
    #   tiktoken
requests==2.32.5
    # via
    #   -r requirements.txt
    #   prawcore
    #   tiktoken
    #   update-checker
rpds-py==0.30.0
    # via
    #   -r requirements.txt
    #   jsonschema
    #   referencing
ruff==0.14.8
    # via -r requirements.txt
shellingham==1.5.4
    # via
    #   -r requirements.txt
    #   huggingface-hub
six==1.17.0
    # via
    #   -r requirements.txt
    #   python-dateutil
sniffio==1.3.1
    # via openai
sqlalchemy==2.0.45
    # via
    #   -r requirements.txt
    #   alembic
    #   sqlmodel
sqlmodel==0.0.27
    # via -r requirements.txt
tiktoken==0.12.0
    # via
    #   -r requirements.txt
    #   litellm
tokenizers==0.22.1
    # via
    #   -r requirements.txt
    #   litellm
tqdm==4.67.1
    # via
    #   -r requirements.txt
    #   huggingface-hub
    #   openai
typer-slim==0.20.0
    # via
    #   -r requirements.txt
    #   huggingface-hub
typing-extensions==4.15.0
    # via
    #   -r requirements.txt
    #   aiosignal
    #   alembic
    #   anyio
    #   huggingface-hub
    #   openai
    #   pydantic
    #   pydantic-core
    #   referencing
    #   sqlalchemy
    #   typer-slim
    #   typing-inspection
typing-inspection==0.4.2
    # via
    #   -r requirements.txt
    #   pydantic
    #   pydantic-settings
update-checker==0.18.0
    # via
    #   -r requirements.txt
    #   praw
urllib3==2.6.2
    # via
    #   -r requirements.txt
    #   requests
websocket-client==1.9.0
    # via
    #   -r requirements.txt
    #   praw
yarl==1.22.0
    # via aiohttp
zipp==3.23.0
    # via
    #   -r requirements.txt
    #   importlib-metadata
